// !$*UTF8*$!
{
	archiveVersion = 1;
	classes = {
	};
	objectVersion = 77;
	objects = {

/* Begin PBXBuildFile section */
		251AD6342D5D29E9003E56C7 /* Network in Frameworks */ = {isa = PBXBuildFile; productRef = 251AD6332D5D29E9003E56C7 /* Network */; };
		25B617642D5D5FB500866147 /* Kingfisher in Frameworks */ = {isa = PBXBuildFile; productRef = 25B617632D5D5FB500866147 /* Kingfisher */; };
/* End PBXBuildFile section */

/* Begin PBXContainerItemProxy section */
		251AD6142D5D293F003E56C7 /* PBXContainerItemProxy */ = {
			isa = PBXContainerItemProxy;
			containerPortal = 251AD5F22D5D293D003E56C7 /* Project object */;
			proxyType = 1;
			remoteGlobalIDString = 251AD5F92D5D293D003E56C7;
			remoteInfo = "apod-nasa";
		};
		251AD61E2D5D293F003E56C7 /* PBXContainerItemProxy */ = {
			isa = PBXContainerItemProxy;
			containerPortal = 251AD5F22D5D293D003E56C7 /* Project object */;
			proxyType = 1;
			remoteGlobalIDString = 251AD5F92D5D293D003E56C7;
			remoteInfo = "apod-nasa";
		};
/* End PBXContainerItemProxy section */

/* Begin PBXFileReference section */
		251AD5FA2D5D293D003E56C7 /* apod-nasa.app */ = {isa = PBXFileReference; explicitFileType = wrapper.application; includeInIndex = 0; path = "apod-nasa.app"; sourceTree = BUILT_PRODUCTS_DIR; };
		251AD6132D5D293F003E56C7 /* apod-nasaTests.xctest */ = {isa = PBXFileReference; explicitFileType = wrapper.cfbundle; includeInIndex = 0; path = "apod-nasaTests.xctest"; sourceTree = BUILT_PRODUCTS_DIR; };
		251AD61D2D5D293F003E56C7 /* apod-nasaUITests.xctest */ = {isa = PBXFileReference; explicitFileType = wrapper.cfbundle; includeInIndex = 0; path = "apod-nasaUITests.xctest"; sourceTree = BUILT_PRODUCTS_DIR; };
		251AD6312D5D295A003E56C7 /* Network */ = {isa = PBXFileReference; lastKnownFileType = wrapper; name = Network; path = ../Network; sourceTree = SOURCE_ROOT; };
/* End PBXFileReference section */

/* Begin PBXFileSystemSynchronizedBuildFileExceptionSet section */
		251AD6252D5D293F003E56C7 /* Exceptions for "apod-nasa" folder in "apod-nasa" target */ = {
			isa = PBXFileSystemSynchronizedBuildFileExceptionSet;
			membershipExceptions = (
				Info.plist,
			);
			target = 251AD5F92D5D293D003E56C7 /* apod-nasa */;
		};
/* End PBXFileSystemSynchronizedBuildFileExceptionSet section */

/* Begin PBXFileSystemSynchronizedRootGroup section */
		251AD5FC2D5D293D003E56C7 /* apod-nasa */ = {
			isa = PBXFileSystemSynchronizedRootGroup;
			exceptions = (
				251AD6252D5D293F003E56C7 /* Exceptions for "apod-nasa" folder in "apod-nasa" target */,
			);
			path = "apod-nasa";
			sourceTree = "<group>";
		};
		251AD6162D5D293F003E56C7 /* apod-nasaTests */ = {
			isa = PBXFileSystemSynchronizedRootGroup;
			path = "apod-nasaTests";
			sourceTree = "<group>";
		};
		251AD6202D5D293F003E56C7 /* apod-nasaUITests */ = {
			isa = PBXFileSystemSynchronizedRootGroup;
			path = "apod-nasaUITests";
			sourceTree = "<group>";
		};
/* End PBXFileSystemSynchronizedRootGroup section */

/* Begin PBXFrameworksBuildPhase section */
		251AD5F72D5D293D003E56C7 /* Frameworks */ = {
			isa = PBXFrameworksBuildPhase;
			buildActionMask = 2147483647;
			files = (
				25B617642D5D5FB500866147 /* Kingfisher in Frameworks */,
				251AD6342D5D29E9003E56C7 /* Network in Frameworks */,
			);
			runOnlyForDeploymentPostprocessing = 0;
		};
		251AD6102D5D293F003E56C7 /* Frameworks */ = {
			isa = PBXFrameworksBuildPhase;
			buildActionMask = 2147483647;
			files = (
			);
			runOnlyForDeploymentPostprocessing = 0;
		};
		251AD61A2D5D293F003E56C7 /* Frameworks */ = {
			isa = PBXFrameworksBuildPhase;
			buildActionMask = 2147483647;
			files = (
			);
			runOnlyForDeploymentPostprocessing = 0;
		};
/* End PBXFrameworksBuildPhase section */

/* Begin PBXGroup section */
		251AD5F12D5D293D003E56C7 = {
			isa = PBXGroup;
			children = (
				251AD6312D5D295A003E56C7 /* Network */,
				251AD5FC2D5D293D003E56C7 /* apod-nasa */,
				251AD6162D5D293F003E56C7 /* apod-nasaTests */,
				251AD6202D5D293F003E56C7 /* apod-nasaUITests */,
				251AD6322D5D29E9003E56C7 /* Frameworks */,
				251AD5FB2D5D293D003E56C7 /* Products */,
			);
			sourceTree = "<group>";
		};
		251AD5FB2D5D293D003E56C7 /* Products */ = {
			isa = PBXGroup;
			children = (
				251AD5FA2D5D293D003E56C7 /* apod-nasa.app */,
				251AD6132D5D293F003E56C7 /* apod-nasaTests.xctest */,
				251AD61D2D5D293F003E56C7 /* apod-nasaUITests.xctest */,
			);
			name = Products;
			sourceTree = "<group>";
		};
		251AD6322D5D29E9003E56C7 /* Frameworks */ = {
			isa = PBXGroup;
			children = (
			);
			name = Frameworks;
			sourceTree = "<group>";
		};
/* End PBXGroup section */

/* Begin PBXNativeTarget section */
		251AD5F92D5D293D003E56C7 /* apod-nasa */ = {
			isa = PBXNativeTarget;
			buildConfigurationList = 251AD6262D5D293F003E56C7 /* Build configuration list for PBXNativeTarget "apod-nasa" */;
			buildPhases = (
				251AD5F62D5D293D003E56C7 /* Sources */,
				251AD5F72D5D293D003E56C7 /* Frameworks */,
				251AD5F82D5D293D003E56C7 /* Resources */,
			);
			buildRules = (
			);
			dependencies = (
			);
			fileSystemSynchronizedGroups = (
				251AD5FC2D5D293D003E56C7 /* apod-nasa */,
			);
			name = "apod-nasa";
			packageProductDependencies = (
				251AD6332D5D29E9003E56C7 /* Network */,
				25B617632D5D5FB500866147 /* Kingfisher */,
			);
			productName = "apod-nasa";
			productReference = 251AD5FA2D5D293D003E56C7 /* apod-nasa.app */;
			productType = "com.apple.product-type.application";
		};
		251AD6122D5D293F003E56C7 /* apod-nasaTests */ = {
			isa = PBXNativeTarget;
			buildConfigurationList = 251AD62B2D5D293F003E56C7 /* Build configuration list for PBXNativeTarget "apod-nasaTests" */;
			buildPhases = (
				251AD60F2D5D293F003E56C7 /* Sources */,
				251AD6102D5D293F003E56C7 /* Frameworks */,
				251AD6112D5D293F003E56C7 /* Resources */,
			);
			buildRules = (
			);
			dependencies = (
				251AD6152D5D293F003E56C7 /* PBXTargetDependency */,
			);
			fileSystemSynchronizedGroups = (
				251AD6162D5D293F003E56C7 /* apod-nasaTests */,
			);
			name = "apod-nasaTests";
			packageProductDependencies = (
			);
			productName = "apod-nasaTests";
			productReference = 251AD6132D5D293F003E56C7 /* apod-nasaTests.xctest */;
			productType = "com.apple.product-type.bundle.unit-test";
		};
		251AD61C2D5D293F003E56C7 /* apod-nasaUITests */ = {
			isa = PBXNativeTarget;
			buildConfigurationList = 251AD62E2D5D293F003E56C7 /* Build configuration list for PBXNativeTarget "apod-nasaUITests" */;
			buildPhases = (
				251AD6192D5D293F003E56C7 /* Sources */,
				251AD61A2D5D293F003E56C7 /* Frameworks */,
				251AD61B2D5D293F003E56C7 /* Resources */,
			);
			buildRules = (
			);
			dependencies = (
				251AD61F2D5D293F003E56C7 /* PBXTargetDependency */,
			);
			fileSystemSynchronizedGroups = (
				251AD6202D5D293F003E56C7 /* apod-nasaUITests */,
			);
			name = "apod-nasaUITests";
			packageProductDependencies = (
			);
			productName = "apod-nasaUITests";
			productReference = 251AD61D2D5D293F003E56C7 /* apod-nasaUITests.xctest */;
			productType = "com.apple.product-type.bundle.ui-testing";
		};
/* End PBXNativeTarget section */

/* Begin PBXProject section */
		251AD5F22D5D293D003E56C7 /* Project object */ = {
			isa = PBXProject;
			attributes = {
				BuildIndependentTargetsInParallel = 1;
				LastSwiftUpdateCheck = 1620;
				LastUpgradeCheck = 1620;
				TargetAttributes = {
					251AD5F92D5D293D003E56C7 = {
						CreatedOnToolsVersion = 16.2;
					};
					251AD6122D5D293F003E56C7 = {
						CreatedOnToolsVersion = 16.2;
						TestTargetID = 251AD5F92D5D293D003E56C7;
					};
					251AD61C2D5D293F003E56C7 = {
						CreatedOnToolsVersion = 16.2;
						TestTargetID = 251AD5F92D5D293D003E56C7;
					};
				};
			};
			buildConfigurationList = 251AD5F52D5D293D003E56C7 /* Build configuration list for PBXProject "apod-nasa" */;
			developmentRegion = en;
			hasScannedForEncodings = 0;
			knownRegions = (
				en,
				Base,
			);
			mainGroup = 251AD5F12D5D293D003E56C7;
			minimizedProjectReferenceProxies = 1;
			packageReferences = (
				25B617622D5D5FB500866147 /* XCRemoteSwiftPackageReference "Kingfisher" */,
			);
			preferredProjectObjectVersion = 77;
			productRefGroup = 251AD5FB2D5D293D003E56C7 /* Products */;
			projectDirPath = "";
			projectRoot = "";
			targets = (
				251AD5F92D5D293D003E56C7 /* apod-nasa */,
				251AD6122D5D293F003E56C7 /* apod-nasaTests */,
				251AD61C2D5D293F003E56C7 /* apod-nasaUITests */,
			);
		};
/* End PBXProject section */

/* Begin PBXResourcesBuildPhase section */
		251AD5F82D5D293D003E56C7 /* Resources */ = {
			isa = PBXResourcesBuildPhase;
			buildActionMask = 2147483647;
			files = (
			);
			runOnlyForDeploymentPostprocessing = 0;
		};
		251AD6112D5D293F003E56C7 /* Resources */ = {
			isa = PBXResourcesBuildPhase;
			buildActionMask = 2147483647;
			files = (
			);
			runOnlyForDeploymentPostprocessing = 0;
		};
		251AD61B2D5D293F003E56C7 /* Resources */ = {
			isa = PBXResourcesBuildPhase;
			buildActionMask = 2147483647;
			files = (
			);
			runOnlyForDeploymentPostprocessing = 0;
		};
/* End PBXResourcesBuildPhase section */

/* Begin PBXSourcesBuildPhase section */
		251AD5F62D5D293D003E56C7 /* Sources */ = {
			isa = PBXSourcesBuildPhase;
			buildActionMask = 2147483647;
			files = (
			);
			runOnlyForDeploymentPostprocessing = 0;
		};
		251AD60F2D5D293F003E56C7 /* Sources */ = {
			isa = PBXSourcesBuildPhase;
			buildActionMask = 2147483647;
			files = (
			);
			runOnlyForDeploymentPostprocessing = 0;
		};
		251AD6192D5D293F003E56C7 /* Sources */ = {
			isa = PBXSourcesBuildPhase;
			buildActionMask = 2147483647;
			files = (
			);
			runOnlyForDeploymentPostprocessing = 0;
		};
/* End PBXSourcesBuildPhase section */

/* Begin PBXTargetDependency section */
		251AD6152D5D293F003E56C7 /* PBXTargetDependency */ = {
			isa = PBXTargetDependency;
			target = 251AD5F92D5D293D003E56C7 /* apod-nasa */;
			targetProxy = 251AD6142D5D293F003E56C7 /* PBXContainerItemProxy */;
		};
		251AD61F2D5D293F003E56C7 /* PBXTargetDependency */ = {
			isa = PBXTargetDependency;
			target = 251AD5F92D5D293D003E56C7 /* apod-nasa */;
			targetProxy = 251AD61E2D5D293F003E56C7 /* PBXContainerItemProxy */;
		};
/* End PBXTargetDependency section */

/* Begin XCBuildConfiguration section */
		251AD6272D5D293F003E56C7 /* Debug */ = {
			isa = XCBuildConfiguration;
			buildSettings = {
				ASSETCATALOG_COMPILER_APPICON_NAME = AppIcon;
				ASSETCATALOG_COMPILER_GLOBAL_ACCENT_COLOR_NAME = AccentColor;
				CODE_SIGN_STYLE = Automatic;
				CURRENT_PROJECT_VERSION = 1;
				GENERATE_INFOPLIST_FILE = YES;
				INFOPLIST_FILE = "apod-nasa/Info.plist";
				INFOPLIST_KEY_UIApplicationSupportsIndirectInputEvents = YES;
				INFOPLIST_KEY_UILaunchStoryboardName = LaunchScreen;
				INFOPLIST_KEY_UIMainStoryboardFile = "";
				INFOPLIST_KEY_UISupportedInterfaceOrientations_iPad = "UIInterfaceOrientationPortrait UIInterfaceOrientationPortraitUpsideDown UIInterfaceOrientationLandscapeLeft UIInterfaceOrientationLandscapeRight";
				INFOPLIST_KEY_UISupportedInterfaceOrientations_iPhone = "UIInterfaceOrientationPortrait UIInterfaceOrientationLandscapeLeft UIInterfaceOrientationLandscapeRight";
				IPHONEOS_DEPLOYMENT_TARGET = 15.0;
				LD_RUNPATH_SEARCH_PATHS = (
					"$(inherited)",
					"@executable_path/Frameworks",
				);
				MARKETING_VERSION = 1.0;
				PRODUCT_BUNDLE_IDENTIFIER = "pod.nasa-app.apod-nasa";
				PRODUCT_NAME = "$(TARGET_NAME)";
				SWIFT_EMIT_LOC_STRINGS = YES;
				SWIFT_VERSION = 5.0;
				TARGETED_DEVICE_FAMILY = "1,2";
			};
			name = Debug;
		};
		251AD6282D5D293F003E56C7 /* Release */ = {
			isa = XCBuildConfiguration;
			buildSettings = {
				ASSETCATALOG_COMPILER_APPICON_NAME = AppIcon;
				ASSETCATALOG_COMPILER_GLOBAL_ACCENT_COLOR_NAME = AccentColor;
				CODE_SIGN_STYLE = Automatic;
				CURRENT_PROJECT_VERSION = 1;
				GENERATE_INFOPLIST_FILE = YES;
				INFOPLIST_FILE = "apod-nasa/Info.plist";
				INFOPLIST_KEY_UIApplicationSupportsIndirectInputEvents = YES;
				INFOPLIST_KEY_UILaunchStoryboardName = LaunchScreen;
				INFOPLIST_KEY_UIMainStoryboardFile = "";
				INFOPLIST_KEY_UISupportedInterfaceOrientations_iPad = "UIInterfaceOrientationPortrait UIInterfaceOrientationPortraitUpsideDown UIInterfaceOrientationLandscapeLeft UIInterfaceOrientationLandscapeRight";
				INFOPLIST_KEY_UISupportedInterfaceOrientations_iPhone = "UIInterfaceOrientationPortrait UIInterfaceOrientationLandscapeLeft UIInterfaceOrientationLandscapeRight";
				IPHONEOS_DEPLOYMENT_TARGET = 15.0;
				LD_RUNPATH_SEARCH_PATHS = (
					"$(inherited)",
					"@executable_path/Frameworks",
				);
				MARKETING_VERSION = 1.0;
				PRODUCT_BUNDLE_IDENTIFIER = "pod.nasa-app.apod-nasa";
				PRODUCT_NAME = "$(TARGET_NAME)";
				SWIFT_EMIT_LOC_STRINGS = YES;
				SWIFT_VERSION = 5.0;
				TARGETED_DEVICE_FAMILY = "1,2";
			};
			name = Release;
		};
		251AD6292D5D293F003E56C7 /* Debug */ = {
			isa = XCBuildConfiguration;
			buildSettings = {
				ALWAYS_SEARCH_USER_PATHS = NO;
				ASSETCATALOG_COMPILER_GENERATE_SWIFT_ASSET_SYMBOL_EXTENSIONS = YES;
				CLANG_ANALYZER_NONNULL = YES;
				CLANG_ANALYZER_NUMBER_OBJECT_CONVERSION = YES_AGGRESSIVE;
				CLANG_CXX_LANGUAGE_STANDARD = "gnu++20";
				CLANG_ENABLE_MODULES = YES;
				CLANG_ENABLE_OBJC_ARC = YES;
				CLANG_ENABLE_OBJC_WEAK = YES;
				CLANG_WARN_BLOCK_CAPTURE_AUTORELEASING = YES;
				CLANG_WARN_BOOL_CONVERSION = YES;
				CLANG_WARN_COMMA = YES;
				CLANG_WARN_CONSTANT_CONVERSION = YES;
				CLANG_WARN_DEPRECATED_OBJC_IMPLEMENTATIONS = YES;
				CLANG_WARN_DIRECT_OBJC_ISA_USAGE = YES_ERROR;
				CLANG_WARN_DOCUMENTATION_COMMENTS = YES;
				CLANG_WARN_EMPTY_BODY = YES;
				CLANG_WARN_ENUM_CONVERSION = YES;
				CLANG_WARN_INFINITE_RECURSION = YES;
				CLANG_WARN_INT_CONVERSION = YES;
				CLANG_WARN_NON_LITERAL_NULL_CONVERSION = YES;
				CLANG_WARN_OBJC_IMPLICIT_RETAIN_SELF = YES;
				CLANG_WARN_OBJC_LITERAL_CONVERSION = YES;
				CLANG_WARN_OBJC_ROOT_CLASS = YES_ERROR;
				CLANG_WARN_QUOTED_INCLUDE_IN_FRAMEWORK_HEADER = YES;
				CLANG_WARN_RANGE_LOOP_ANALYSIS = YES;
				CLANG_WARN_STRICT_PROTOTYPES = YES;
				CLANG_WARN_SUSPICIOUS_MOVE = YES;
				CLANG_WARN_UNGUARDED_AVAILABILITY = YES_AGGRESSIVE;
				CLANG_WARN_UNREACHABLE_CODE = YES;
				CLANG_WARN__DUPLICATE_METHOD_MATCH = YES;
				COPY_PHASE_STRIP = NO;
				DEBUG_INFORMATION_FORMAT = dwarf;
				ENABLE_STRICT_OBJC_MSGSEND = YES;
				ENABLE_TESTABILITY = YES;
				ENABLE_USER_SCRIPT_SANDBOXING = YES;
				GCC_C_LANGUAGE_STANDARD = gnu17;
				GCC_DYNAMIC_NO_PIC = NO;
				GCC_NO_COMMON_BLOCKS = YES;
				GCC_OPTIMIZATION_LEVEL = 0;
				GCC_PREPROCESSOR_DEFINITIONS = (
					"DEBUG=1",
					"$(inherited)",
				);
				GCC_WARN_64_TO_32_BIT_CONVERSION = YES;
				GCC_WARN_ABOUT_RETURN_TYPE = YES_ERROR;
				GCC_WARN_UNDECLARED_SELECTOR = YES;
				GCC_WARN_UNINITIALIZED_AUTOS = YES_AGGRESSIVE;
				GCC_WARN_UNUSED_FUNCTION = YES;
				GCC_WARN_UNUSED_VARIABLE = YES;
				IPHONEOS_DEPLOYMENT_TARGET = 15.6;
				LOCALIZATION_PREFERS_STRING_CATALOGS = YES;
				MTL_ENABLE_DEBUG_INFO = INCLUDE_SOURCE;
				MTL_FAST_MATH = YES;
				ONLY_ACTIVE_ARCH = YES;
				SDKROOT = iphoneos;
				SWIFT_ACTIVE_COMPILATION_CONDITIONS = "DEBUG $(inherited)";
				SWIFT_OPTIMIZATION_LEVEL = "-Onone";
			};
			name = Debug;
		};
		251AD62A2D5D293F003E56C7 /* Release */ = {
			isa = XCBuildConfiguration;
			buildSettings = {
				ALWAYS_SEARCH_USER_PATHS = NO;
				ASSETCATALOG_COMPILER_GENERATE_SWIFT_ASSET_SYMBOL_EXTENSIONS = YES;
				CLANG_ANALYZER_NONNULL = YES;
				CLANG_ANALYZER_NUMBER_OBJECT_CONVERSION = YES_AGGRESSIVE;
				CLANG_CXX_LANGUAGE_STANDARD = "gnu++20";
				CLANG_ENABLE_MODULES = YES;
				CLANG_ENABLE_OBJC_ARC = YES;
				CLANG_ENABLE_OBJC_WEAK = YES;
				CLANG_WARN_BLOCK_CAPTURE_AUTORELEASING = YES;
				CLANG_WARN_BOOL_CONVERSION = YES;
				CLANG_WARN_COMMA = YES;
				CLANG_WARN_CONSTANT_CONVERSION = YES;
				CLANG_WARN_DEPRECATED_OBJC_IMPLEMENTATIONS = YES;
				CLANG_WARN_DIRECT_OBJC_ISA_USAGE = YES_ERROR;
				CLANG_WARN_DOCUMENTATION_COMMENTS = YES;
				CLANG_WARN_EMPTY_BODY = YES;
				CLANG_WARN_ENUM_CONVERSION = YES;
				CLANG_WARN_INFINITE_RECURSION = YES;
				CLANG_WARN_INT_CONVERSION = YES;
				CLANG_WARN_NON_LITERAL_NULL_CONVERSION = YES;
				CLANG_WARN_OBJC_IMPLICIT_RETAIN_SELF = YES;
				CLANG_WARN_OBJC_LITERAL_CONVERSION = YES;
				CLANG_WARN_OBJC_ROOT_CLASS = YES_ERROR;
				CLANG_WARN_QUOTED_INCLUDE_IN_FRAMEWORK_HEADER = YES;
				CLANG_WARN_RANGE_LOOP_ANALYSIS = YES;
				CLANG_WARN_STRICT_PROTOTYPES = YES;
				CLANG_WARN_SUSPICIOUS_MOVE = YES;
				CLANG_WARN_UNGUARDED_AVAILABILITY = YES_AGGRESSIVE;
				CLANG_WARN_UNREACHABLE_CODE = YES;
				CLANG_WARN__DUPLICATE_METHOD_MATCH = YES;
				COPY_PHASE_STRIP = NO;
				DEBUG_INFORMATION_FORMAT = "dwarf-with-dsym";
				ENABLE_NS_ASSERTIONS = NO;
				ENABLE_STRICT_OBJC_MSGSEND = YES;
				ENABLE_USER_SCRIPT_SANDBOXING = YES;
				GCC_C_LANGUAGE_STANDARD = gnu17;
				GCC_NO_COMMON_BLOCKS = YES;
				GCC_WARN_64_TO_32_BIT_CONVERSION = YES;
				GCC_WARN_ABOUT_RETURN_TYPE = YES_ERROR;
				GCC_WARN_UNDECLARED_SELECTOR = YES;
				GCC_WARN_UNINITIALIZED_AUTOS = YES_AGGRESSIVE;
				GCC_WARN_UNUSED_FUNCTION = YES;
				GCC_WARN_UNUSED_VARIABLE = YES;
				IPHONEOS_DEPLOYMENT_TARGET = 15.6;
				LOCALIZATION_PREFERS_STRING_CATALOGS = YES;
				MTL_ENABLE_DEBUG_INFO = NO;
				MTL_FAST_MATH = YES;
				SDKROOT = iphoneos;
				SWIFT_COMPILATION_MODE = wholemodule;
				VALIDATE_PRODUCT = YES;
			};
			name = Release;
		};
		251AD62C2D5D293F003E56C7 /* Debug */ = {
			isa = XCBuildConfiguration;
			buildSettings = {
				BUNDLE_LOADER = "$(TEST_HOST)";
				CODE_SIGN_STYLE = Automatic;
				CURRENT_PROJECT_VERSION = 1;
				GENERATE_INFOPLIST_FILE = YES;
				IPHONEOS_DEPLOYMENT_TARGET = 15.6;
				MARKETING_VERSION = 1.0;
				PRODUCT_BUNDLE_IDENTIFIER = "pod.nasa-app.apod-nasaTests";
				PRODUCT_NAME = "$(TARGET_NAME)";
				SWIFT_EMIT_LOC_STRINGS = NO;
				SWIFT_VERSION = 5.0;
				TARGETED_DEVICE_FAMILY = "1,2";
				TEST_HOST = "$(BUILT_PRODUCTS_DIR)/apod-nasa.app/$(BUNDLE_EXECUTABLE_FOLDER_PATH)/apod-nasa";
			};
			name = Debug;
		};
		251AD62D2D5D293F003E56C7 /* Release */ = {
			isa = XCBuildConfiguration;
			buildSettings = {
				BUNDLE_LOADER = "$(TEST_HOST)";
				CODE_SIGN_STYLE = Automatic;
				CURRENT_PROJECT_VERSION = 1;
				GENERATE_INFOPLIST_FILE = YES;
				IPHONEOS_DEPLOYMENT_TARGET = 15.6;
				MARKETING_VERSION = 1.0;
				PRODUCT_BUNDLE_IDENTIFIER = "pod.nasa-app.apod-nasaTests";
				PRODUCT_NAME = "$(TARGET_NAME)";
				SWIFT_EMIT_LOC_STRINGS = NO;
				SWIFT_VERSION = 5.0;
				TARGETED_DEVICE_FAMILY = "1,2";
				TEST_HOST = "$(BUILT_PRODUCTS_DIR)/apod-nasa.app/$(BUNDLE_EXECUTABLE_FOLDER_PATH)/apod-nasa";
			};
			name = Release;
		};
		251AD62F2D5D293F003E56C7 /* Debug */ = {
			isa = XCBuildConfiguration;
			buildSettings = {
				CODE_SIGN_STYLE = Automatic;
				CURRENT_PROJECT_VERSION = 1;
				GENERATE_INFOPLIST_FILE = YES;
				MARKETING_VERSION = 1.0;
				PRODUCT_BUNDLE_IDENTIFIER = "pod.nasa-app.apod-nasaUITests";
				PRODUCT_NAME = "$(TARGET_NAME)";
				SWIFT_EMIT_LOC_STRINGS = NO;
				SWIFT_VERSION = 5.0;
				TARGETED_DEVICE_FAMILY = "1,2";
				TEST_TARGET_NAME = "apod-nasa";
			};
			name = Debug;
		};
		251AD6302D5D293F003E56C7 /* Release */ = {
			isa = XCBuildConfiguration;
			buildSettings = {
				CODE_SIGN_STYLE = Automatic;
				CURRENT_PROJECT_VERSION = 1;
				GENERATE_INFOPLIST_FILE = YES;
				MARKETING_VERSION = 1.0;
				PRODUCT_BUNDLE_IDENTIFIER = "pod.nasa-app.apod-nasaUITests";
				PRODUCT_NAME = "$(TARGET_NAME)";
				SWIFT_EMIT_LOC_STRINGS = NO;
				SWIFT_VERSION = 5.0;
				TARGETED_DEVICE_FAMILY = "1,2";
				TEST_TARGET_NAME = "apod-nasa";
			};
			name = Release;
		};
/* End XCBuildConfiguration section */

/* Begin XCConfigurationList section */
		251AD5F52D5D293D003E56C7 /* Build configuration list for PBXProject "apod-nasa" */ = {
			isa = XCConfigurationList;
			buildConfigurations = (
				251AD6292D5D293F003E56C7 /* Debug */,
				251AD62A2D5D293F003E56C7 /* Release */,
			);
			defaultConfigurationIsVisible = 0;
			defaultConfigurationName = Release;
		};
		251AD6262D5D293F003E56C7 /* Build configuration list for PBXNativeTarget "apod-nasa" */ = {
			isa = XCConfigurationList;
			buildConfigurations = (
				251AD6272D5D293F003E56C7 /* Debug */,
				251AD6282D5D293F003E56C7 /* Release */,
			);
			defaultConfigurationIsVisible = 0;
			defaultConfigurationName = Release;
		};
		251AD62B2D5D293F003E56C7 /* Build configuration list for PBXNativeTarget "apod-nasaTests" */ = {
			isa = XCConfigurationList;
			buildConfigurations = (
				251AD62C2D5D293F003E56C7 /* Debug */,
				251AD62D2D5D293F003E56C7 /* Release */,
			);
			defaultConfigurationIsVisible = 0;
			defaultConfigurationName = Release;
		};
		251AD62E2D5D293F003E56C7 /* Build configuration list for PBXNativeTarget "apod-nasaUITests" */ = {
			isa = XCConfigurationList;
			buildConfigurations = (
				251AD62F2D5D293F003E56C7 /* Debug */,
				251AD6302D5D293F003E56C7 /* Release */,
			);
			defaultConfigurationIsVisible = 0;
			defaultConfigurationName = Release;
		};
/* End XCConfigurationList section */

/* Begin XCRemoteSwiftPackageReference section */
		25B617622D5D5FB500866147 /* XCRemoteSwiftPackageReference "Kingfisher" */ = {
			isa = XCRemoteSwiftPackageReference;
			repositoryURL = "https://github.com/onevcat/Kingfisher.git";
			requirement = {
				kind = upToNextMajorVersion;
				minimumVersion = 8.2.0;
			};
		};
/* End XCRemoteSwiftPackageReference section */

/* Begin XCSwiftPackageProductDependency section */
		251AD6332D5D29E9003E56C7 /* Network */ = {
			isa = XCSwiftPackageProductDependency;
			productName = Network;
		};
		25B617632D5D5FB500866147 /* Kingfisher */ = {
			isa = XCSwiftPackageProductDependency;
			package = 25B617622D5D5FB500866147 /* XCRemoteSwiftPackageReference "Kingfisher" */;
			productName = Kingfisher;
		};
/* End XCSwiftPackageProductDependency section */
	};
	rootObject = 251AD5F22D5D293D003E56C7 /* Project object */;
}
