// !$*UTF8*$!
{
	archiveVersion = 1;
	classes = {
	};
	objectVersion = 77;
	objects = {

/* Begin PBXContainerItemProxy section */
		25635FF82D5CE60800F1183C /* PBXContainerItemProxy */ = {
			isa = PBXContainerItemProxy;
			containerPortal = 25635FD62D5CE60600F1183C /* Project object */;
			proxyType = 1;
			remoteGlobalIDString = 25635FDD2D5CE60600F1183C;
			remoteInfo = "apod-nasa";
		};
		256360022D5CE60800F1183C /* PBXContainerItemProxy */ = {
			isa = PBXContainerItemProxy;
			containerPortal = 25635FD62D5CE60600F1183C /* Project object */;
			proxyType = 1;
			remoteGlobalIDString = 25635FDD2D5CE60600F1183C;
			remoteInfo = "apod-nasa";
		};
/* End PBXContainerItemProxy section */

/* Begin PBXFileReference section */
		25635FDE2D5CE60600F1183C /* apod-nasa.app */ = {isa = PBXFileReference; explicitFileType = wrapper.application; includeInIndex = 0; path = "apod-nasa.app"; sourceTree = BUILT_PRODUCTS_DIR; };
		25635FF72D5CE60800F1183C /* apod-nasaTests.xctest */ = {isa = PBXFileReference; explicitFileType = wrapper.cfbundle; includeInIndex = 0; path = "apod-nasaTests.xctest"; sourceTree = BUILT_PRODUCTS_DIR; };
		256360012D5CE60800F1183C /* apod-nasaUITests.xctest */ = {isa = PBXFileReference; explicitFileType = wrapper.cfbundle; includeInIndex = 0; path = "apod-nasaUITests.xctest"; sourceTree = BUILT_PRODUCTS_DIR; };
/* End PBXFileReference section */

/* Begin PBXFileSystemSynchronizedBuildFileExceptionSet section */
		256360092D5CE60800F1183C /* Exceptions for "apod-nasa" folder in "apod-nasa" target */ = {
			isa = PBXFileSystemSynchronizedBuildFileExceptionSet;
			membershipExceptions = (
				Info.plist,
			);
			target = 25635FDD2D5CE60600F1183C /* apod-nasa */;
		};
/* End PBXFileSystemSynchronizedBuildFileExceptionSet section */

/* Begin PBXFileSystemSynchronizedRootGroup section */
		25635FE02D5CE60600F1183C /* apod-nasa */ = {
			isa = PBXFileSystemSynchronizedRootGroup;
			exceptions = (
				256360092D5CE60800F1183C /* Exceptions for "apod-nasa" folder in "apod-nasa" target */,
			);
			path = "apod-nasa";
			sourceTree = "<group>";
		};
		25635FFA2D5CE60800F1183C /* apod-nasaTests */ = {
			isa = PBXFileSystemSynchronizedRootGroup;
			path = "apod-nasaTests";
			sourceTree = "<group>";
		};
		256360042D5CE60800F1183C /* apod-nasaUITests */ = {
			isa = PBXFileSystemSynchronizedRootGroup;
			path = "apod-nasaUITests";
			sourceTree = "<group>";
		};
/* End PBXFileSystemSynchronizedRootGroup section */

/* Begin PBXFrameworksBuildPhase section */
		25635FDB2D5CE60600F1183C /* Frameworks */ = {
			isa = PBXFrameworksBuildPhase;
			buildActionMask = 2147483647;
			files = (
			);
			runOnlyForDeploymentPostprocessing = 0;
		};
		25635FF42D5CE60800F1183C /* Frameworks */ = {
			isa = PBXFrameworksBuildPhase;
			buildActionMask = 2147483647;
			files = (
			);
			runOnlyForDeploymentPostprocessing = 0;
		};
		25635FFE2D5CE60800F1183C /* Frameworks */ = {
			isa = PBXFrameworksBuildPhase;
			buildActionMask = 2147483647;
			files = (
			);
			runOnlyForDeploymentPostprocessing = 0;
		};
/* End PBXFrameworksBuildPhase section */

/* Begin PBXGroup section */
		25635FD52D5CE60500F1183C = {
			isa = PBXGroup;
			children = (
				25635FE02D5CE60600F1183C /* apod-nasa */,
				25635FFA2D5CE60800F1183C /* apod-nasaTests */,
				256360042D5CE60800F1183C /* apod-nasaUITests */,
				25635FDF2D5CE60600F1183C /* Products */,
			);
			sourceTree = "<group>";
		};
		25635FDF2D5CE60600F1183C /* Products */ = {
			isa = PBXGroup;
			children = (
				25635FDE2D5CE60600F1183C /* apod-nasa.app */,
				25635FF72D5CE60800F1183C /* apod-nasaTests.xctest */,
				256360012D5CE60800F1183C /* apod-nasaUITests.xctest */,
			);
			name = Products;
			sourceTree = "<group>";
		};
/* End PBXGroup section */

/* Begin PBXNativeTarget section */
		25635FDD2D5CE60600F1183C /* apod-nasa */ = {
			isa = PBXNativeTarget;
			buildConfigurationList = 2563600A2D5CE60800F1183C /* Build configuration list for PBXNativeTarget "apod-nasa" */;
			buildPhases = (
				25635FDA2D5CE60600F1183C /* Sources */,
				25635FDB2D5CE60600F1183C /* Frameworks */,
				25635FDC2D5CE60600F1183C /* Resources */,
			);
			buildRules = (
			);
			dependencies = (
			);
			fileSystemSynchronizedGroups = (
				25635FE02D5CE60600F1183C /* apod-nasa */,
			);
			name = "apod-nasa";
			packageProductDependencies = (
			);
			productName = "apod-nasa";
			productReference = 25635FDE2D5CE60600F1183C /* apod-nasa.app */;
			productType = "com.apple.product-type.application";
		};
		25635FF62D5CE60800F1183C /* apod-nasaTests */ = {
			isa = PBXNativeTarget;
			buildConfigurationList = 2563600F2D5CE60800F1183C /* Build configuration list for PBXNativeTarget "apod-nasaTests" */;
			buildPhases = (
				25635FF32D5CE60800F1183C /* Sources */,
				25635FF42D5CE60800F1183C /* Frameworks */,
				25635FF52D5CE60800F1183C /* Resources */,
			);
			buildRules = (
			);
			dependencies = (
				25635FF92D5CE60800F1183C /* PBXTargetDependency */,
			);
			fileSystemSynchronizedGroups = (
				25635FFA2D5CE60800F1183C /* apod-nasaTests */,
			);
			name = "apod-nasaTests";
			packageProductDependencies = (
			);
			productName = "apod-nasaTests";
			productReference = 25635FF72D5CE60800F1183C /* apod-nasaTests.xctest */;
			productType = "com.apple.product-type.bundle.unit-test";
		};
		256360002D5CE60800F1183C /* apod-nasaUITests */ = {
			isa = PBXNativeTarget;
			buildConfigurationList = 256360122D5CE60800F1183C /* Build configuration list for PBXNativeTarget "apod-nasaUITests" */;
			buildPhases = (
				25635FFD2D5CE60800F1183C /* Sources */,
				25635FFE2D5CE60800F1183C /* Frameworks */,
				25635FFF2D5CE60800F1183C /* Resources */,
			);
			buildRules = (
			);
			dependencies = (
				256360032D5CE60800F1183C /* PBXTargetDependency */,
			);
			fileSystemSynchronizedGroups = (
				256360042D5CE60800F1183C /* apod-nasaUITests */,
			);
			name = "apod-nasaUITests";
			packageProductDependencies = (
			);
			productName = "apod-nasaUITests";
			productReference = 256360012D5CE60800F1183C /* apod-nasaUITests.xctest */;
			productType = "com.apple.product-type.bundle.ui-testing";
		};
/* End PBXNativeTarget section */

/* Begin PBXProject section */
		25635FD62D5CE60600F1183C /* Project object */ = {
			isa = PBXProject;
			attributes = {
				BuildIndependentTargetsInParallel = 1;
				LastSwiftUpdateCheck = 1620;
				LastUpgradeCheck = 1620;
				TargetAttributes = {
					25635FDD2D5CE60600F1183C = {
						CreatedOnToolsVersion = 16.2;
					};
					25635FF62D5CE60800F1183C = {
						CreatedOnToolsVersion = 16.2;
						TestTargetID = 25635FDD2D5CE60600F1183C;
					};
					256360002D5CE60800F1183C = {
						CreatedOnToolsVersion = 16.2;
						TestTargetID = 25635FDD2D5CE60600F1183C;
					};
				};
			};
			buildConfigurationList = 25635FD92D5CE60600F1183C /* Build configuration list for PBXProject "apod-nasa" */;
			developmentRegion = en;
			hasScannedForEncodings = 0;
			knownRegions = (
				en,
				Base,
			);
			mainGroup = 25635FD52D5CE60500F1183C;
			minimizedProjectReferenceProxies = 1;
			preferredProjectObjectVersion = 77;
			productRefGroup = 25635FDF2D5CE60600F1183C /* Products */;
			projectDirPath = "";
			projectRoot = "";
			targets = (
				25635FDD2D5CE60600F1183C /* apod-nasa */,
				25635FF62D5CE60800F1183C /* apod-nasaTests */,
				256360002D5CE60800F1183C /* apod-nasaUITests */,
			);
		};
/* End PBXProject section */

/* Begin PBXResourcesBuildPhase section */
		25635FDC2D5CE60600F1183C /* Resources */ = {
			isa = PBXResourcesBuildPhase;
			buildActionMask = 2147483647;
			files = (
			);
			runOnlyForDeploymentPostprocessing = 0;
		};
		25635FF52D5CE60800F1183C /* Resources */ = {
			isa = PBXResourcesBuildPhase;
			buildActionMask = 2147483647;
			files = (
			);
			runOnlyForDeploymentPostprocessing = 0;
		};
		25635FFF2D5CE60800F1183C /* Resources */ = {
			isa = PBXResourcesBuildPhase;
			buildActionMask = 2147483647;
			files = (
			);
			runOnlyForDeploymentPostprocessing = 0;
		};
/* End PBXResourcesBuildPhase section */

/* Begin PBXSourcesBuildPhase section */
		25635FDA2D5CE60600F1183C /* Sources */ = {
			isa = PBXSourcesBuildPhase;
			buildActionMask = 2147483647;
			files = (
			);
			runOnlyForDeploymentPostprocessing = 0;
		};
		25635FF32D5CE60800F1183C /* Sources */ = {
			isa = PBXSourcesBuildPhase;
			buildActionMask = 2147483647;
			files = (
			);
			runOnlyForDeploymentPostprocessing = 0;
		};
		25635FFD2D5CE60800F1183C /* Sources */ = {
			isa = PBXSourcesBuildPhase;
			buildActionMask = 2147483647;
			files = (
			);
			runOnlyForDeploymentPostprocessing = 0;
		};
/* End PBXSourcesBuildPhase section */

/* Begin PBXTargetDependency section */
		25635FF92D5CE60800F1183C /* PBXTargetDependency */ = {
			isa = PBXTargetDependency;
			target = 25635FDD2D5CE60600F1183C /* apod-nasa */;
			targetProxy = 25635FF82D5CE60800F1183C /* PBXContainerItemProxy */;
		};
		256360032D5CE60800F1183C /* PBXTargetDependency */ = {
			isa = PBXTargetDependency;
			target = 25635FDD2D5CE60600F1183C /* apod-nasa */;
			targetProxy = 256360022D5CE60800F1183C /* PBXContainerItemProxy */;
		};
/* End PBXTargetDependency section */

/* Begin XCBuildConfiguration section */
		2563600B2D5CE60800F1183C /* Debug */ = {
			isa = XCBuildConfiguration;
			buildSettings = {
				ASSETCATALOG_COMPILER_APPICON_NAME = AppIcon;
				ASSETCATALOG_COMPILER_GLOBAL_ACCENT_COLOR_NAME = AccentColor;
				CODE_SIGN_STYLE = Automatic;
				CURRENT_PROJECT_VERSION = 1;
				GENERATE_INFOPLIST_FILE = YES;
				INFOPLIST_FILE = "apod-nasa/Info.plist";
				INFOPLIST_KEY_UIApplicationSupportsIndirectInputEvents = YES;
				INFOPLIST_KEY_UILaunchStoryboardName = LaunchScreen;
				INFOPLIST_KEY_UIMainStoryboardFile = Main;
				INFOPLIST_KEY_UISupportedInterfaceOrientations_iPad = "UIInterfaceOrientationPortrait UIInterfaceOrientationPortraitUpsideDown UIInterfaceOrientationLandscapeLeft UIInterfaceOrientationLandscapeRight";
				INFOPLIST_KEY_UISupportedInterfaceOrientations_iPhone = "UIInterfaceOrientationPortrait UIInterfaceOrientationLandscapeLeft UIInterfaceOrientationLandscapeRight";
				IPHONEOS_DEPLOYMENT_TARGET = 14.0;
				LD_RUNPATH_SEARCH_PATHS = (
					"$(inherited)",
					"@executable_path/Frameworks",
				);
				MARKETING_VERSION = 1.0;
				PRODUCT_BUNDLE_IDENTIFIER = "test.crypto.exchanges.apod-nasa";
				PRODUCT_NAME = "$(TARGET_NAME)";
				SWIFT_EMIT_LOC_STRINGS = YES;
				SWIFT_VERSION = 5.0;
				TARGETED_DEVICE_FAMILY = "1,2";
			};
			name = Debug;
		};
		2563600C2D5CE60800F1183C /* Release */ = {
			isa = XCBuildConfiguration;
			buildSettings = {
				ASSETCATALOG_COMPILER_APPICON_NAME = AppIcon;
				ASSETCATALOG_COMPILER_GLOBAL_ACCENT_COLOR_NAME = AccentColor;
				CODE_SIGN_STYLE = Automatic;
				CURRENT_PROJECT_VERSION = 1;
				GENERATE_INFOPLIST_FILE = YES;
				INFOPLIST_FILE = "apod-nasa/Info.plist";
				INFOPLIST_KEY_UIApplicationSupportsIndirectInputEvents = YES;
				INFOPLIST_KEY_UILaunchStoryboardName = LaunchScreen;
				INFOPLIST_KEY_UIMainStoryboardFile = Main;
				INFOPLIST_KEY_UISupportedInterfaceOrientations_iPad = "UIInterfaceOrientationPortrait UIInterfaceOrientationPortraitUpsideDown UIInterfaceOrientationLandscapeLeft UIInterfaceOrientationLandscapeRight";
				INFOPLIST_KEY_UISupportedInterfaceOrientations_iPhone = "UIInterfaceOrientationPortrait UIInterfaceOrientationLandscapeLeft UIInterfaceOrientationLandscapeRight";
				IPHONEOS_DEPLOYMENT_TARGET = 14.0;
				LD_RUNPATH_SEARCH_PATHS = (
					"$(inherited)",
					"@executable_path/Frameworks",
				);
				MARKETING_VERSION = 1.0;
				PRODUCT_BUNDLE_IDENTIFIER = "test.crypto.exchanges.apod-nasa";
				PRODUCT_NAME = "$(TARGET_NAME)";
				SWIFT_EMIT_LOC_STRINGS = YES;
				SWIFT_VERSION = 5.0;
				TARGETED_DEVICE_FAMILY = "1,2";
			};
			name = Release;
		};
		2563600D2D5CE60800F1183C /* Debug */ = {
			isa = XCBuildConfiguration;
			buildSettings = {
				ALWAYS_SEARCH_USER_PATHS = NO;
				ASSETCATALOG_COMPILER_GENERATE_SWIFT_ASSET_SYMBOL_EXTENSIONS = YES;
				CLANG_ANALYZER_NONNULL = YES;
				CLANG_ANALYZER_NUMBER_OBJECT_CONVERSION = YES_AGGRESSIVE;
				CLANG_CXX_LANGUAGE_STANDARD = "gnu++20";
				CLANG_ENABLE_MODULES = YES;
				CLANG_ENABLE_OBJC_ARC = YES;
				CLANG_ENABLE_OBJC_WEAK = YES;
				CLANG_WARN_BLOCK_CAPTURE_AUTORELEASING = YES;
				CLANG_WARN_BOOL_CONVERSION = YES;
				CLANG_WARN_COMMA = YES;
				CLANG_WARN_CONSTANT_CONVERSION = YES;
				CLANG_WARN_DEPRECATED_OBJC_IMPLEMENTATIONS = YES;
				CLANG_WARN_DIRECT_OBJC_ISA_USAGE = YES_ERROR;
				CLANG_WARN_DOCUMENTATION_COMMENTS = YES;
				CLANG_WARN_EMPTY_BODY = YES;
				CLANG_WARN_ENUM_CONVERSION = YES;
				CLANG_WARN_INFINITE_RECURSION = YES;
				CLANG_WARN_INT_CONVERSION = YES;
				CLANG_WARN_NON_LITERAL_NULL_CONVERSION = YES;
				CLANG_WARN_OBJC_IMPLICIT_RETAIN_SELF = YES;
				CLANG_WARN_OBJC_LITERAL_CONVERSION = YES;
				CLANG_WARN_OBJC_ROOT_CLASS = YES_ERROR;
				CLANG_WARN_QUOTED_INCLUDE_IN_FRAMEWORK_HEADER = YES;
				CLANG_WARN_RANGE_LOOP_ANALYSIS = YES;
				CLANG_WARN_STRICT_PROTOTYPES = YES;
				CLANG_WARN_SUSPICIOUS_MOVE = YES;
				CLANG_WARN_UNGUARDED_AVAILABILITY = YES_AGGRESSIVE;
				CLANG_WARN_UNREACHABLE_CODE = YES;
				CLANG_WARN__DUPLICATE_METHOD_MATCH = YES;
				COPY_PHASE_STRIP = NO;
				DEBUG_INFORMATION_FORMAT = dwarf;
				ENABLE_STRICT_OBJC_MSGSEND = YES;
				ENABLE_TESTABILITY = YES;
				ENABLE_USER_SCRIPT_SANDBOXING = YES;
				GCC_C_LANGUAGE_STANDARD = gnu17;
				GCC_DYNAMIC_NO_PIC = NO;
				GCC_NO_COMMON_BLOCKS = YES;
				GCC_OPTIMIZATION_LEVEL = 0;
				GCC_PREPROCESSOR_DEFINITIONS = (
					"DEBUG=1",
					"$(inherited)",
				);
				GCC_WARN_64_TO_32_BIT_CONVERSION = YES;
				GCC_WARN_ABOUT_RETURN_TYPE = YES_ERROR;
				GCC_WARN_UNDECLARED_SELECTOR = YES;
				GCC_WARN_UNINITIALIZED_AUTOS = YES_AGGRESSIVE;
				GCC_WARN_UNUSED_FUNCTION = YES;
				GCC_WARN_UNUSED_VARIABLE = YES;
				IPHONEOS_DEPLOYMENT_TARGET = 14.0;
				LOCALIZATION_PREFERS_STRING_CATALOGS = YES;
				MTL_ENABLE_DEBUG_INFO = INCLUDE_SOURCE;
				MTL_FAST_MATH = YES;
				ONLY_ACTIVE_ARCH = YES;
				SDKROOT = iphoneos;
				SWIFT_ACTIVE_COMPILATION_CONDITIONS = "DEBUG $(inherited)";
				SWIFT_OPTIMIZATION_LEVEL = "-Onone";
			};
			name = Debug;
		};
		2563600E2D5CE60800F1183C /* Release */ = {
			isa = XCBuildConfiguration;
			buildSettings = {
				ALWAYS_SEARCH_USER_PATHS = NO;
				ASSETCATALOG_COMPILER_GENERATE_SWIFT_ASSET_SYMBOL_EXTENSIONS = YES;
				CLANG_ANALYZER_NONNULL = YES;
				CLANG_ANALYZER_NUMBER_OBJECT_CONVERSION = YES_AGGRESSIVE;
				CLANG_CXX_LANGUAGE_STANDARD = "gnu++20";
				CLANG_ENABLE_MODULES = YES;
				CLANG_ENABLE_OBJC_ARC = YES;
				CLANG_ENABLE_OBJC_WEAK = YES;
				CLANG_WARN_BLOCK_CAPTURE_AUTORELEASING = YES;
				CLANG_WARN_BOOL_CONVERSION = YES;
				CLANG_WARN_COMMA = YES;
				CLANG_WARN_CONSTANT_CONVERSION = YES;
				CLANG_WARN_DEPRECATED_OBJC_IMPLEMENTATIONS = YES;
				CLANG_WARN_DIRECT_OBJC_ISA_USAGE = YES_ERROR;
				CLANG_WARN_DOCUMENTATION_COMMENTS = YES;
				CLANG_WARN_EMPTY_BODY = YES;
				CLANG_WARN_ENUM_CONVERSION = YES;
				CLANG_WARN_INFINITE_RECURSION = YES;
				CLANG_WARN_INT_CONVERSION = YES;
				CLANG_WARN_NON_LITERAL_NULL_CONVERSION = YES;
				CLANG_WARN_OBJC_IMPLICIT_RETAIN_SELF = YES;
				CLANG_WARN_OBJC_LITERAL_CONVERSION = YES;
				CLANG_WARN_OBJC_ROOT_CLASS = YES_ERROR;
				CLANG_WARN_QUOTED_INCLUDE_IN_FRAMEWORK_HEADER = YES;
				CLANG_WARN_RANGE_LOOP_ANALYSIS = YES;
				CLANG_WARN_STRICT_PROTOTYPES = YES;
				CLANG_WARN_SUSPICIOUS_MOVE = YES;
				CLANG_WARN_UNGUARDED_AVAILABILITY = YES_AGGRESSIVE;
				CLANG_WARN_UNREACHABLE_CODE = YES;
				CLANG_WARN__DUPLICATE_METHOD_MATCH = YES;
				COPY_PHASE_STRIP = NO;
				DEBUG_INFORMATION_FORMAT = "dwarf-with-dsym";
				ENABLE_NS_ASSERTIONS = NO;
				ENABLE_STRICT_OBJC_MSGSEND = YES;
				ENABLE_USER_SCRIPT_SANDBOXING = YES;
				GCC_C_LANGUAGE_STANDARD = gnu17;
				GCC_NO_COMMON_BLOCKS = YES;
				GCC_WARN_64_TO_32_BIT_CONVERSION = YES;
				GCC_WARN_ABOUT_RETURN_TYPE = YES_ERROR;
				GCC_WARN_UNDECLARED_SELECTOR = YES;
				GCC_WARN_UNINITIALIZED_AUTOS = YES_AGGRESSIVE;
				GCC_WARN_UNUSED_FUNCTION = YES;
				GCC_WARN_UNUSED_VARIABLE = YES;
				IPHONEOS_DEPLOYMENT_TARGET = 14.0;
				LOCALIZATION_PREFERS_STRING_CATALOGS = YES;
				MTL_ENABLE_DEBUG_INFO = NO;
				MTL_FAST_MATH = YES;
				SDKROOT = iphoneos;
				SWIFT_COMPILATION_MODE = wholemodule;
				VALIDATE_PRODUCT = YES;
			};
			name = Release;
		};
		256360102D5CE60800F1183C /* Debug */ = {
			isa = XCBuildConfiguration;
			buildSettings = {
				BUNDLE_LOADER = "$(TEST_HOST)";
				CODE_SIGN_STYLE = Automatic;
				CURRENT_PROJECT_VERSION = 1;
				GENERATE_INFOPLIST_FILE = YES;
				IPHONEOS_DEPLOYMENT_TARGET = 14.0;
				MARKETING_VERSION = 1.0;
				PRODUCT_BUNDLE_IDENTIFIER = "test.crypto.exchanges.apod-nasaTests";
				PRODUCT_NAME = "$(TARGET_NAME)";
				SWIFT_EMIT_LOC_STRINGS = NO;
				SWIFT_VERSION = 5.0;
				TARGETED_DEVICE_FAMILY = "1,2";
				TEST_HOST = "$(BUILT_PRODUCTS_DIR)/apod-nasa.app/$(BUNDLE_EXECUTABLE_FOLDER_PATH)/apod-nasa";
			};
			name = Debug;
		};
		256360112D5CE60800F1183C /* Release */ = {
			isa = XCBuildConfiguration;
			buildSettings = {
				BUNDLE_LOADER = "$(TEST_HOST)";
				CODE_SIGN_STYLE = Automatic;
				CURRENT_PROJECT_VERSION = 1;
				GENERATE_INFOPLIST_FILE = YES;
				IPHONEOS_DEPLOYMENT_TARGET = 14.0;
				MARKETING_VERSION = 1.0;
				PRODUCT_BUNDLE_IDENTIFIER = "test.crypto.exchanges.apod-nasaTests";
				PRODUCT_NAME = "$(TARGET_NAME)";
				SWIFT_EMIT_LOC_STRINGS = NO;
				SWIFT_VERSION = 5.0;
				TARGETED_DEVICE_FAMILY = "1,2";
				TEST_HOST = "$(BUILT_PRODUCTS_DIR)/apod-nasa.app/$(BUNDLE_EXECUTABLE_FOLDER_PATH)/apod-nasa";
			};
			name = Release;
		};
		256360132D5CE60800F1183C /* Debug */ = {
			isa = XCBuildConfiguration;
			buildSettings = {
				CODE_SIGN_STYLE = Automatic;
				CURRENT_PROJECT_VERSION = 1;
				GENERATE_INFOPLIST_FILE = YES;
				MARKETING_VERSION = 1.0;
				PRODUCT_BUNDLE_IDENTIFIER = "test.crypto.exchanges.apod-nasaUITests";
				PRODUCT_NAME = "$(TARGET_NAME)";
				SWIFT_EMIT_LOC_STRINGS = NO;
				SWIFT_VERSION = 5.0;
				TARGETED_DEVICE_FAMILY = "1,2";
				TEST_TARGET_NAME = "apod-nasa";
			};
			name = Debug;
		};
		256360142D5CE60800F1183C /* Release */ = {
			isa = XCBuildConfiguration;
			buildSettings = {
				CODE_SIGN_STYLE = Automatic;
				CURRENT_PROJECT_VERSION = 1;
				GENERATE_INFOPLIST_FILE = YES;
				MARKETING_VERSION = 1.0;
				PRODUCT_BUNDLE_IDENTIFIER = "test.crypto.exchanges.apod-nasaUITests";
				PRODUCT_NAME = "$(TARGET_NAME)";
				SWIFT_EMIT_LOC_STRINGS = NO;
				SWIFT_VERSION = 5.0;
				TARGETED_DEVICE_FAMILY = "1,2";
				TEST_TARGET_NAME = "apod-nasa";
			};
			name = Release;
		};
/* End XCBuildConfiguration section */

/* Begin XCConfigurationList section */
		25635FD92D5CE60600F1183C /* Build configuration list for PBXProject "apod-nasa" */ = {
			isa = XCConfigurationList;
			buildConfigurations = (
				2563600D2D5CE60800F1183C /* Debug */,
				2563600E2D5CE60800F1183C /* Release */,
			);
			defaultConfigurationIsVisible = 0;
			defaultConfigurationName = Release;
		};
		2563600A2D5CE60800F1183C /* Build configuration list for PBXNativeTarget "apod-nasa" */ = {
			isa = XCConfigurationList;
			buildConfigurations = (
				2563600B2D5CE60800F1183C /* Debug */,
				2563600C2D5CE60800F1183C /* Release */,
			);
			defaultConfigurationIsVisible = 0;
			defaultConfigurationName = Release;
		};
		2563600F2D5CE60800F1183C /* Build configuration list for PBXNativeTarget "apod-nasaTests" */ = {
			isa = XCConfigurationList;
			buildConfigurations = (
				256360102D5CE60800F1183C /* Debug */,
				256360112D5CE60800F1183C /* Release */,
			);
			defaultConfigurationIsVisible = 0;
			defaultConfigurationName = Release;
		};
		256360122D5CE60800F1183C /* Build configuration list for PBXNativeTarget "apod-nasaUITests" */ = {
			isa = XCConfigurationList;
			buildConfigurations = (
				256360132D5CE60800F1183C /* Debug */,
				256360142D5CE60800F1183C /* Release */,
			);
			defaultConfigurationIsVisible = 0;
			defaultConfigurationName = Release;
		};
/* End XCConfigurationList section */
	};
	rootObject = 25635FD62D5CE60600F1183C /* Project object */;
}
